{
  "name": "vue-ssr-tech",
  "version": "1.0.0",
  "lockfileVersion": 1,
  "requires": true,
  "dependencies": {
    "yarn": {
      "version": "1.17.3",
      "resolved": "https://registry.npm.taobao.org/yarn/download/yarn-1.17.3.tgz?cache=0&other_urls=https%3A%2F%2Fregistry.npm.taobao.org%2Fyarn%2Fdownload%2Fyarn-1.17.3.tgz",
      "integrity": "sha1-YOC3fQeet451O7YW91krUbaprc4=",
      "dev": true
    }
  }
}
